
Microsoft Visual Studio Solution File, Format Version 12.00
# Visual Studio 2012
Project("{2150E333-8FDC-42A3-9474-1A3956D46DE8}") = "Solution Items", "Solution Items", "{5EC72027-6CC3-4338-A076-15833808929C}"
	ProjectSection(SolutionItems) = preProject
		bower.json = bower.json
		Chart.Core.js = Chart.Core.js
		Chart.Core.min.js = Chart.Core.min.js
		Chart.Scatter.js = Chart.Scatter.js
		Chart.Scatter.min.js = Chart.Scatter.min.js
		index.html = index.html
		package.json = package.json
		README.md = README.md
		test.html = test.html
	EndProjectSection
EndProject
Global
	GlobalSection(SolutionProperties) = preSolution
		HideSolutionNode = FALSE
	EndGlobalSection
EndGlobal
